
Microsoft Visual Studio Solution File, Format Version 12.00
# Visual Studio 2013
VisualStudioVersion = 12.0.30501.0
MinimumVisualStudioVersion = 10.0.40219.1
Project("{FAE04EC0-301F-11D3-BF4B-00C04F79EFBC}") = "SysInfo", "SysInfo\SysInfo.csproj", "{C9C51A1D-73DE-4A7A-B7BF-D2291FC0B57E}"
EndProject
Project("{FAE04EC0-301F-11D3-BF4B-00C04F79EFBC}") = "Encoder", "Encoder\Encoder.csproj", "{399B9001-52D5-4865-9332-C1540EF1F845}"
EndProject
Project("{FAE04EC0-301F-11D3-BF4B-00C04F79EFBC}") = "ConvertFile", "ConvertFile\ConvertFile.csproj", "{68DCEEF9-F249-4B0D-AA54-60B7A56D796B}"
EndProject
Project("{FAE04EC0-301F-11D3-BF4B-00C04F79EFBC}") = "Speak", "Speak\Speak.csproj", "{B687FD7D-02DD-493D-8208-BDA8744B1408}"
EndProject
Global
	GlobalSection(SolutionConfigurationPlatforms) = preSolution
		Debug|Any CPU = Debug|Any CPU
		Release|Any CPU = Release|Any CPU
	EndGlobalSection
	GlobalSection(ProjectConfigurationPlatforms) = postSolution
		{C9C51A1D-73DE-4A7A-B7BF-D2291FC0B57E}.Debug|Any CPU.ActiveCfg = Debug|Any CPU
		{C9C51A1D-73DE-4A7A-B7BF-D2291FC0B57E}.Debug|Any CPU.Build.0 = Debug|Any CPU
		{C9C51A1D-73DE-4A7A-B7BF-D2291FC0B57E}.Release|Any CPU.ActiveCfg = Release|Any CPU
		{C9C51A1D-73DE-4A7A-B7BF-D2291FC0B57E}.Release|Any CPU.Build.0 = Release|Any CPU
		{399B9001-52D5-4865-9332-C1540EF1F845}.Debug|Any CPU.ActiveCfg = Debug|Any CPU
		{399B9001-52D5-4865-9332-C1540EF1F845}.Debug|Any CPU.Build.0 = Debug|Any CPU
		{399B9001-52D5-4865-9332-C1540EF1F845}.Release|Any CPU.ActiveCfg = Release|Any CPU
		{399B9001-52D5-4865-9332-C1540EF1F845}.Release|Any CPU.Build.0 = Release|Any CPU
		{68DCEEF9-F249-4B0D-AA54-60B7A56D796B}.Debug|Any CPU.ActiveCfg = Debug|Any CPU
		{68DCEEF9-F249-4B0D-AA54-60B7A56D796B}.Debug|Any CPU.Build.0 = Debug|Any CPU
		{68DCEEF9-F249-4B0D-AA54-60B7A56D796B}.Release|Any CPU.ActiveCfg = Release|Any CPU
		{68DCEEF9-F249-4B0D-AA54-60B7A56D796B}.Release|Any CPU.Build.0 = Release|Any CPU
		{B687FD7D-02DD-493D-8208-BDA8744B1408}.Debug|Any CPU.ActiveCfg = Debug|Any CPU
		{B687FD7D-02DD-493D-8208-BDA8744B1408}.Debug|Any CPU.Build.0 = Debug|Any CPU
		{B687FD7D-02DD-493D-8208-BDA8744B1408}.Release|Any CPU.ActiveCfg = Release|Any CPU
		{B687FD7D-02DD-493D-8208-BDA8744B1408}.Release|Any CPU.Build.0 = Release|Any CPU
	EndGlobalSection
	GlobalSection(SolutionProperties) = preSolution
		HideSolutionNode = FALSE
	EndGlobalSection
EndGlobal
